
Microsoft Visual Studio Solution File, Format Version 12.00
# Visual Studio 15
VisualStudioVersion = 15.0.28307.136
MinimumVisualStudioVersion = 10.0.40219.1
Project("{FAE04EC0-301F-11D3-BF4B-00C04F79EFBC}") = "TypeSpider", "TypeSpider\TypeSpider.csproj", "{A020BB6A-184F-464C-BF3E-FAB6A248E702}"
EndProject
Global
	GlobalSection(SolutionConfigurationPlatforms) = preSolution
		Debug|Any CPU = Debug|Any CPU
		Release|Any CPU = Release|Any CPU
	EndGlobalSection
	GlobalSection(ProjectConfigurationPlatforms) = postSolution
		{A020BB6A-184F-464C-BF3E-FAB6A248E702}.Debug|Any CPU.ActiveCfg = Debug|Any CPU
		{A020BB6A-184F-464C-BF3E-FAB6A248E702}.Debug|Any CPU.Build.0 = Debug|Any CPU
		{A020BB6A-184F-464C-BF3E-FAB6A248E702}.Release|Any CPU.ActiveCfg = Release|Any CPU
		{A020BB6A-184F-464C-BF3E-FAB6A248E702}.Release|Any CPU.Build.0 = Release|Any CPU
	EndGlobalSection
	GlobalSection(SolutionProperties) = preSolution
		HideSolutionNode = FALSE
	EndGlobalSection
	GlobalSection(ExtensibilityGlobals) = postSolution
		SolutionGuid = {12E4CDE4-0215-437B-BA04-701F3A765042}
	EndGlobalSection
EndGlobal
